
Microsoft Visual Studio Solution File, Format Version 12.00
# Visual Studio Version 17
VisualStudioVersion = 17.6.33712.159
MinimumVisualStudioVersion = 10.0.40219.1
Project("{FAE04EC0-301F-11D3-BF4B-00C04F79EFBC}") = "MagicVilla_VillaAPI", "MagicVilla_VillaAPI\MagicVilla_VillaAPI.csproj", "{2C43715B-F5EE-46AA-8433-0420A9144234}"
EndProject
Global
	GlobalSection(SolutionConfigurationPlatforms) = preSolution
		Debug|Any CPU = Debug|Any CPU
		Release|Any CPU = Release|Any CPU
	EndGlobalSection
	GlobalSection(ProjectConfigurationPlatforms) = postSolution
		{2C43715B-F5EE-46AA-8433-0420A9144234}.Debug|Any CPU.ActiveCfg = Debug|Any CPU
		{2C43715B-F5EE-46AA-8433-0420A9144234}.Debug|Any CPU.Build.0 = Debug|Any CPU
		{2C43715B-F5EE-46AA-8433-0420A9144234}.Release|Any CPU.ActiveCfg = Release|Any CPU
		{2C43715B-F5EE-46AA-8433-0420A9144234}.Release|Any CPU.Build.0 = Release|Any CPU
	EndGlobalSection
	GlobalSection(SolutionProperties) = preSolution
		HideSolutionNode = FALSE
	EndGlobalSection
	GlobalSection(ExtensibilityGlobals) = postSolution
		SolutionGuid = {92F62D50-5EF1-4AE0-B6E3-E3D3CB6F2781}
	EndGlobalSection
EndGlobal
